
Microsoft Visual Studio Solution File, Format Version 12.00
# Visual Studio Version 16
VisualStudioVersion = 16.0.32630.194
MinimumVisualStudioVersion = 10.0.40219.1
Project("{FAE04EC0-301F-11D3-BF4B-00C04F79EFBC}") = "DailyReport", "DailyReport\DailyReport.csproj", "{DC457067-3D89-4CEE-B77E-3948CCAC2B21}"
EndProject
Global
	GlobalSection(SolutionConfigurationPlatforms) = preSolution
		Debug|Any CPU = Debug|Any CPU
		Release|Any CPU = Release|Any CPU
	EndGlobalSection
	GlobalSection(ProjectConfigurationPlatforms) = postSolution
		{DC457067-3D89-4CEE-B77E-3948CCAC2B21}.Debug|Any CPU.ActiveCfg = Debug|Any CPU
		{DC457067-3D89-4CEE-B77E-3948CCAC2B21}.Debug|Any CPU.Build.0 = Debug|Any CPU
		{DC457067-3D89-4CEE-B77E-3948CCAC2B21}.Release|Any CPU.ActiveCfg = Release|Any CPU
		{DC457067-3D89-4CEE-B77E-3948CCAC2B21}.Release|Any CPU.Build.0 = Release|Any CPU
	EndGlobalSection
	GlobalSection(SolutionProperties) = preSolution
		HideSolutionNode = FALSE
	EndGlobalSection
	GlobalSection(ExtensibilityGlobals) = postSolution
		SolutionGuid = {746C24B8-AF74-457B-B8D9-2BB333C70D33}
	EndGlobalSection
EndGlobal
