
Microsoft Visual Studio Solution File, Format Version 12.00
# Visual Studio Version 16
VisualStudioVersion = 16.0.32630.194
MinimumVisualStudioVersion = 10.0.40219.1
Project("{FAE04EC0-301F-11D3-BF4B-00C04F79EFBC}") = "TwentyOne2", "TwentyOne2\TwentyOne2.csproj", "{B92E4FD3-4C5B-478D-8C8C-D03FA3298479}"
EndProject
Project("{FAE04EC0-301F-11D3-BF4B-00C04F79EFBC}") = "Casino", "Casino\Casino.csproj", "{4B5842B7-C455-4C92-8611-30D2CF1A4C9F}"
EndProject
Global
	GlobalSection(SolutionConfigurationPlatforms) = preSolution
		Debug|Any CPU = Debug|Any CPU
		Release|Any CPU = Release|Any CPU
	EndGlobalSection
	GlobalSection(ProjectConfigurationPlatforms) = postSolution
		{B92E4FD3-4C5B-478D-8C8C-D03FA3298479}.Debug|Any CPU.ActiveCfg = Debug|Any CPU
		{B92E4FD3-4C5B-478D-8C8C-D03FA3298479}.Debug|Any CPU.Build.0 = Debug|Any CPU
		{B92E4FD3-4C5B-478D-8C8C-D03FA3298479}.Release|Any CPU.ActiveCfg = Release|Any CPU
		{B92E4FD3-4C5B-478D-8C8C-D03FA3298479}.Release|Any CPU.Build.0 = Release|Any CPU
		{4B5842B7-C455-4C92-8611-30D2CF1A4C9F}.Debug|Any CPU.ActiveCfg = Debug|Any CPU
		{4B5842B7-C455-4C92-8611-30D2CF1A4C9F}.Debug|Any CPU.Build.0 = Debug|Any CPU
		{4B5842B7-C455-4C92-8611-30D2CF1A4C9F}.Release|Any CPU.ActiveCfg = Release|Any CPU
		{4B5842B7-C455-4C92-8611-30D2CF1A4C9F}.Release|Any CPU.Build.0 = Release|Any CPU
	EndGlobalSection
	GlobalSection(SolutionProperties) = preSolution
		HideSolutionNode = FALSE
	EndGlobalSection
	GlobalSection(ExtensibilityGlobals) = postSolution
		SolutionGuid = {CCB00FAE-5AA9-4853-88A2-F98BFC6D0909}
	EndGlobalSection
EndGlobal
