
Microsoft Visual Studio Solution File, Format Version 12.00
# Visual Studio Version 16
VisualStudioVersion = 16.0.32630.194
MinimumVisualStudioVersion = 10.0.40219.1
Project("{FAE04EC0-301F-11D3-BF4B-00C04F79EFBC}") = "CarInsurance", "CarInsurance\CarInsurance.csproj", "{B9CC865C-4900-44DC-B873-CE7567A8B60A}"
EndProject
Global
	GlobalSection(SolutionConfigurationPlatforms) = preSolution
		Debug|Any CPU = Debug|Any CPU
		Release|Any CPU = Release|Any CPU
	EndGlobalSection
	GlobalSection(ProjectConfigurationPlatforms) = postSolution
		{B9CC865C-4900-44DC-B873-CE7567A8B60A}.Debug|Any CPU.ActiveCfg = Debug|Any CPU
		{B9CC865C-4900-44DC-B873-CE7567A8B60A}.Debug|Any CPU.Build.0 = Debug|Any CPU
		{B9CC865C-4900-44DC-B873-CE7567A8B60A}.Release|Any CPU.ActiveCfg = Release|Any CPU
		{B9CC865C-4900-44DC-B873-CE7567A8B60A}.Release|Any CPU.Build.0 = Release|Any CPU
	EndGlobalSection
	GlobalSection(SolutionProperties) = preSolution
		HideSolutionNode = FALSE
	EndGlobalSection
	GlobalSection(ExtensibilityGlobals) = postSolution
		SolutionGuid = {EDFB7F21-80A0-4318-8F2E-D84D02A35B0D}
	EndGlobalSection
EndGlobal
